
Microsoft Visual Studio Solution File, Format Version 12.00
# Visual Studio Version 16
VisualStudioVersion = 16.0.30114.105
MinimumVisualStudioVersion = 10.0.40219.1
Project("{9A19103F-16F7-4668-BE54-9A1E7A4F7556}") = "OOP_lab_4_6_3", "OOP_lab_4_6_3\OOP_lab_4_6_3.csproj", "{7FA7FC9E-D697-4CBD-AA17-EBB79D1E38E2}"
EndProject
Project("{2150E333-8FDC-42A3-9474-1A3956D46DE8}") = "Solution Items", "Solution Items", "{6A0DF095-9737-4544-A23E-8E96318F3C0A}"
	ProjectSection(SolutionItems) = preProject
		.travis.yml = .travis.yml
	EndProjectSection
EndProject
Global
	GlobalSection(SolutionConfigurationPlatforms) = preSolution
		Debug|Any CPU = Debug|Any CPU
		Release|Any CPU = Release|Any CPU
	EndGlobalSection
	GlobalSection(ProjectConfigurationPlatforms) = postSolution
		{7FA7FC9E-D697-4CBD-AA17-EBB79D1E38E2}.Debug|Any CPU.ActiveCfg = Debug|Any CPU
		{7FA7FC9E-D697-4CBD-AA17-EBB79D1E38E2}.Debug|Any CPU.Build.0 = Debug|Any CPU
		{7FA7FC9E-D697-4CBD-AA17-EBB79D1E38E2}.Release|Any CPU.ActiveCfg = Release|Any CPU
		{7FA7FC9E-D697-4CBD-AA17-EBB79D1E38E2}.Release|Any CPU.Build.0 = Release|Any CPU
	EndGlobalSection
	GlobalSection(SolutionProperties) = preSolution
		HideSolutionNode = FALSE
	EndGlobalSection
	GlobalSection(ExtensibilityGlobals) = postSolution
		SolutionGuid = {21D21749-38EF-4942-BC52-D9A67C9FE440}
	EndGlobalSection
EndGlobal
